
Microsoft Visual Studio Solution File, Format Version 12.00
# Visual Studio Version 16
VisualStudioVersion = 16.0.31112.23
MinimumVisualStudioVersion = 10.0.40219.1
Project("{FAE04EC0-301F-11D3-BF4B-00C04F79EFBC}") = "FINALP2", "FINALP2.csproj", "{6ED50379-77CE-4290-ABA2-8E0FC637DFEF}"
EndProject
Project("{FAE04EC0-301F-11D3-BF4B-00C04F79EFBC}") = "CapaDatos", "..\CapaDatos\CapaDatos.csproj", "{F9072478-5CD5-422F-A1AF-C831F54F5FD0}"
EndProject
Project("{FAE04EC0-301F-11D3-BF4B-00C04F79EFBC}") = "CapaEntidad", "..\CapaEntidad\CapaEntidad.csproj", "{A78ED47B-BEFF-4662-99FA-92C7E7BC73E8}"
EndProject
Project("{FAE04EC0-301F-11D3-BF4B-00C04F79EFBC}") = "CapaNegocio", "..\CapaNegocio\CapaNegocio.csproj", "{AFDB8469-0234-49BB-B57B-477DA6C055D1}"
EndProject
Project("{FAE04EC0-301F-11D3-BF4B-00C04F79EFBC}") = "CapaServicios", "..\CapaServicios\CapaServicios.csproj", "{873B0E9D-B0AB-434B-8D7F-A2B69B6D136C}"
EndProject
Global
	GlobalSection(SolutionConfigurationPlatforms) = preSolution
		Debug|Any CPU = Debug|Any CPU
		Release|Any CPU = Release|Any CPU
	EndGlobalSection
	GlobalSection(ProjectConfigurationPlatforms) = postSolution
		{6ED50379-77CE-4290-ABA2-8E0FC637DFEF}.Debug|Any CPU.ActiveCfg = Debug|Any CPU
		{6ED50379-77CE-4290-ABA2-8E0FC637DFEF}.Debug|Any CPU.Build.0 = Debug|Any CPU
		{6ED50379-77CE-4290-ABA2-8E0FC637DFEF}.Release|Any CPU.ActiveCfg = Release|Any CPU
		{6ED50379-77CE-4290-ABA2-8E0FC637DFEF}.Release|Any CPU.Build.0 = Release|Any CPU
		{F9072478-5CD5-422F-A1AF-C831F54F5FD0}.Debug|Any CPU.ActiveCfg = Debug|Any CPU
		{F9072478-5CD5-422F-A1AF-C831F54F5FD0}.Debug|Any CPU.Build.0 = Debug|Any CPU
		{F9072478-5CD5-422F-A1AF-C831F54F5FD0}.Release|Any CPU.ActiveCfg = Release|Any CPU
		{F9072478-5CD5-422F-A1AF-C831F54F5FD0}.Release|Any CPU.Build.0 = Release|Any CPU
		{A78ED47B-BEFF-4662-99FA-92C7E7BC73E8}.Debug|Any CPU.ActiveCfg = Debug|Any CPU
		{A78ED47B-BEFF-4662-99FA-92C7E7BC73E8}.Debug|Any CPU.Build.0 = Debug|Any CPU
		{A78ED47B-BEFF-4662-99FA-92C7E7BC73E8}.Release|Any CPU.ActiveCfg = Release|Any CPU
		{A78ED47B-BEFF-4662-99FA-92C7E7BC73E8}.Release|Any CPU.Build.0 = Release|Any CPU
		{AFDB8469-0234-49BB-B57B-477DA6C055D1}.Debug|Any CPU.ActiveCfg = Debug|Any CPU
		{AFDB8469-0234-49BB-B57B-477DA6C055D1}.Debug|Any CPU.Build.0 = Debug|Any CPU
		{AFDB8469-0234-49BB-B57B-477DA6C055D1}.Release|Any CPU.ActiveCfg = Release|Any CPU
		{AFDB8469-0234-49BB-B57B-477DA6C055D1}.Release|Any CPU.Build.0 = Release|Any CPU
		{873B0E9D-B0AB-434B-8D7F-A2B69B6D136C}.Debug|Any CPU.ActiveCfg = Debug|Any CPU
		{873B0E9D-B0AB-434B-8D7F-A2B69B6D136C}.Debug|Any CPU.Build.0 = Debug|Any CPU
		{873B0E9D-B0AB-434B-8D7F-A2B69B6D136C}.Release|Any CPU.ActiveCfg = Release|Any CPU
		{873B0E9D-B0AB-434B-8D7F-A2B69B6D136C}.Release|Any CPU.Build.0 = Release|Any CPU
	EndGlobalSection
	GlobalSection(SolutionProperties) = preSolution
		HideSolutionNode = FALSE
	EndGlobalSection
	GlobalSection(ExtensibilityGlobals) = postSolution
		SolutionGuid = {E3819691-F4D3-46A2-AA8E-184C72B36E67}
	EndGlobalSection
EndGlobal
